// !$*UTF8*$!
{
	archiveVersion = 1;
	classes = {
	};
	objectVersion = 46;
	objects = {

/* Begin PBXBuildFile section */
		08242B8D1D1A3442009700B2 /* main.m in Sources */ = {isa = PBXBuildFile; fileRef = 08242B8C1D1A3442009700B2 /* main.m */; };
		08242B901D1A3442009700B2 /* AppDelegate.m in Sources */ = {isa = PBXBuildFile; fileRef = 08242B8F1D1A3442009700B2 /* AppDelegate.m */; };
		08242B931D1A3442009700B2 /* ViewController.m in Sources */ = {isa = PBXBuildFile; fileRef = 08242B921D1A3442009700B2 /* ViewController.m */; };
		08242B961D1A3442009700B2 /* Main.storyboard in Resources */ = {isa = PBXBuildFile; fileRef = 08242B941D1A3442009700B2 /* Main.storyboard */; };
		08242B981D1A3443009700B2 /* Assets.xcassets in Resources */ = {isa = PBXBuildFile; fileRef = 08242B971D1A3443009700B2 /* Assets.xcassets */; };
		08242B9B1D1A3443009700B2 /* LaunchScreen.storyboard in Resources */ = {isa = PBXBuildFile; fileRef = 08242B991D1A3443009700B2 /* LaunchScreen.storyboard */; };
		08242BA61D1A3443009700B2 /* XcodeExcerciseTests.m in Sources */ = {isa = PBXBuildFile; fileRef = 08242BA51D1A3443009700B2 /* XcodeExcerciseTests.m */; };
		08242BB21D1A34AE009700B2 /* DataStructures.m in Sources */ = {isa = PBXBuildFile; fileRef = 08242BB11D1A34AE009700B2 /* DataStructures.m */; };
/* End PBXBuildFile section */

/* Begin PBXContainerItemProxy section */
		08242BA21D1A3443009700B2 /* PBXContainerItemProxy */ = {
			isa = PBXContainerItemProxy;
			containerPortal = 08242B801D1A3442009700B2 /* Project object */;
			proxyType = 1;
			remoteGlobalIDString = 08242B871D1A3442009700B2;
			remoteInfo = XcodeExcercise;
		};
/* End PBXContainerItemProxy section */

/* Begin PBXFileReference section */
		08242B881D1A3442009700B2 /* XcodeExcercise.app */ = {isa = PBXFileReference; explicitFileType = wrapper.application; includeInIndex = 0; path = XcodeExcercise.app; sourceTree = BUILT_PRODUCTS_DIR; };
		08242B8C1D1A3442009700B2 /* main.m */ = {isa = PBXFileReference; lastKnownFileType = sourcecode.c.objc; path = main.m; sourceTree = "<group>"; };
		08242B8E1D1A3442009700B2 /* AppDelegate.h */ = {isa = PBXFileReference; lastKnownFileType = sourcecode.c.h; path = AppDelegate.h; sourceTree = "<group>"; };
		08242B8F1D1A3442009700B2 /* AppDelegate.m */ = {isa = PBXFileReference; lastKnownFileType = sourcecode.c.objc; path = AppDelegate.m; sourceTree = "<group>"; };
		08242B911D1A3442009700B2 /* ViewController.h */ = {isa = PBXFileReference; lastKnownFileType = sourcecode.c.h; path = ViewController.h; sourceTree = "<group>"; };
		08242B921D1A3442009700B2 /* ViewController.m */ = {isa = PBXFileReference; lastKnownFileType = sourcecode.c.objc; path = ViewController.m; sourceTree = "<group>"; };
		08242B951D1A3442009700B2 /* Base */ = {isa = PBXFileReference; lastKnownFileType = file.storyboard; name = Base; path = Base.lproj/Main.storyboard; sourceTree = "<group>"; };
		08242B971D1A3443009700B2 /* Assets.xcassets */ = {isa = PBXFileReference; lastKnownFileType = folder.assetcatalog; path = Assets.xcassets; sourceTree = "<group>"; };
		08242B9A1D1A3443009700B2 /* Base */ = {isa = PBXFileReference; lastKnownFileType = file.storyboard; name = Base; path = Base.lproj/LaunchScreen.storyboard; sourceTree = "<group>"; };
		08242B9C1D1A3443009700B2 /* Info.plist */ = {isa = PBXFileReference; lastKnownFileType = text.plist.xml; path = Info.plist; sourceTree = "<group>"; };
		08242BA11D1A3443009700B2 /* XcodeExcerciseTests.xctest */ = {isa = PBXFileReference; explicitFileType = wrapper.cfbundle; includeInIndex = 0; path = XcodeExcerciseTests.xctest; sourceTree = BUILT_PRODUCTS_DIR; };
		08242BA51D1A3443009700B2 /* XcodeExcerciseTests.m */ = {isa = PBXFileReference; lastKnownFileType = sourcecode.c.objc; path = XcodeExcerciseTests.m; sourceTree = "<group>"; };
		08242BA71D1A3443009700B2 /* Info.plist */ = {isa = PBXFileReference; lastKnownFileType = text.plist.xml; path = Info.plist; sourceTree = "<group>"; };
		08242BB01D1A34AE009700B2 /* DataStructures.h */ = {isa = PBXFileReference; fileEncoding = 4; lastKnownFileType = sourcecode.c.h; path = DataStructures.h; sourceTree = "<group>"; };
		08242BB11D1A34AE009700B2 /* DataStructures.m */ = {isa = PBXFileReference; fileEncoding = 4; lastKnownFileType = sourcecode.c.objc; path = DataStructures.m; sourceTree = "<group>"; };
/* End PBXFileReference section */

/* Begin PBXFrameworksBuildPhase section */
		08242B851D1A3442009700B2 /* Frameworks */ = {
			isa = PBXFrameworksBuildPhase;
			buildActionMask = 2147483647;
			files = (
			);
			runOnlyForDeploymentPostprocessing = 0;
		};
		08242B9E1D1A3443009700B2 /* Frameworks */ = {
			isa = PBXFrameworksBuildPhase;
			buildActionMask = 2147483647;
			files = (
			);
			runOnlyForDeploymentPostprocessing = 0;
		};
/* End PBXFrameworksBuildPhase section */

/* Begin PBXGroup section */
		08242B7F1D1A3442009700B2 = {
			isa = PBXGroup;
			children = (
				08242B8A1D1A3442009700B2 /* XcodeExcercise */,
				08242BA41D1A3443009700B2 /* XcodeExcerciseTests */,
				08242B891D1A3442009700B2 /* Products */,
			);
			sourceTree = "<group>";
		};
		08242B891D1A3442009700B2 /* Products */ = {
			isa = PBXGroup;
			children = (
				08242B881D1A3442009700B2 /* XcodeExcercise.app */,
				08242BA11D1A3443009700B2 /* XcodeExcerciseTests.xctest */,
			);
			name = Products;
			sourceTree = "<group>";
		};
		08242B8A1D1A3442009700B2 /* XcodeExcercise */ = {
			isa = PBXGroup;
			children = (
				08242B8E1D1A3442009700B2 /* AppDelegate.h */,
				08242B8F1D1A3442009700B2 /* AppDelegate.m */,
				08242B911D1A3442009700B2 /* ViewController.h */,
				08242B921D1A3442009700B2 /* ViewController.m */,
				08242B941D1A3442009700B2 /* Main.storyboard */,
				08242B971D1A3443009700B2 /* Assets.xcassets */,
				08242B991D1A3443009700B2 /* LaunchScreen.storyboard */,
				08242B9C1D1A3443009700B2 /* Info.plist */,
				08242B8B1D1A3442009700B2 /* Supporting Files */,
				08242BB01D1A34AE009700B2 /* DataStructures.h */,
				08242BB11D1A34AE009700B2 /* DataStructures.m */,
			);
			path = XcodeExcercise;
			sourceTree = "<group>";
		};
		08242B8B1D1A3442009700B2 /* Supporting Files */ = {
			isa = PBXGroup;
			children = (
				08242B8C1D1A3442009700B2 /* main.m */,
			);
			name = "Supporting Files";
			sourceTree = "<group>";
		};
		08242BA41D1A3443009700B2 /* XcodeExcerciseTests */ = {
			isa = PBXGroup;
			children = (
				08242BA51D1A3443009700B2 /* XcodeExcerciseTests.m */,
				08242BA71D1A3443009700B2 /* Info.plist */,
			);
			path = XcodeExcerciseTests;
			sourceTree = "<group>";
		};
/* End PBXGroup section */

/* Begin PBXNativeTarget section */
		08242B871D1A3442009700B2 /* XcodeExcercise */ = {
			isa = PBXNativeTarget;
			buildConfigurationList = 08242BAA1D1A3443009700B2 /* Build configuration list for PBXNativeTarget "XcodeExcercise" */;
			buildPhases = (
				08242B841D1A3442009700B2 /* Sources */,
				08242B851D1A3442009700B2 /* Frameworks */,
				08242B861D1A3442009700B2 /* Resources */,
			);
			buildRules = (
			);
			dependencies = (
			);
			name = XcodeExcercise;
			productName = XcodeExcercise;
			productReference = 08242B881D1A3442009700B2 /* XcodeExcercise.app */;
			productType = "com.apple.product-type.application";
		};
		08242BA01D1A3443009700B2 /* XcodeExcerciseTests */ = {
			isa = PBXNativeTarget;
			buildConfigurationList = 08242BAD1D1A3443009700B2 /* Build configuration list for PBXNativeTarget "XcodeExcerciseTests" */;
			buildPhases = (
				08242B9D1D1A3443009700B2 /* Sources */,
				08242B9E1D1A3443009700B2 /* Frameworks */,
				08242B9F1D1A3443009700B2 /* Resources */,
			);
			buildRules = (
			);
			dependencies = (
				08242BA31D1A3443009700B2 /* PBXTargetDependency */,
			);
			name = XcodeExcerciseTests;
			productName = XcodeExcerciseTests;
			productReference = 08242BA11D1A3443009700B2 /* XcodeExcerciseTests.xctest */;
			productType = "com.apple.product-type.bundle.unit-test";
		};
/* End PBXNativeTarget section */

/* Begin PBXProject section */
		08242B801D1A3442009700B2 /* Project object */ = {
			isa = PBXProject;
			attributes = {
				LastUpgradeCheck = 0730;
				ORGANIZATIONNAME = "Harvey Nash";
				TargetAttributes = {
					08242B871D1A3442009700B2 = {
						CreatedOnToolsVersion = 7.3;
					};
					08242BA01D1A3443009700B2 = {
						CreatedOnToolsVersion = 7.3;
						TestTargetID = 08242B871D1A3442009700B2;
					};
				};
			};
			buildConfigurationList = 08242B831D1A3442009700B2 /* Build configuration list for PBXProject "XcodeExcercise" */;
			compatibilityVersion = "Xcode 3.2";
			developmentRegion = English;
			hasScannedForEncodings = 0;
			knownRegions = (
				en,
				Base,
			);
			mainGroup = 08242B7F1D1A3442009700B2;
			productRefGroup = 08242B891D1A3442009700B2 /* Products */;
			projectDirPath = "";
			projectRoot = "";
			targets = (
				08242B871D1A3442009700B2 /* XcodeExcercise */,
				08242BA01D1A3443009700B2 /* XcodeExcerciseTests */,
			);
		};
/* End PBXProject section */

/* Begin PBXResourcesBuildPhase section */
		08242B861D1A3442009700B2 /* Resources */ = {
			isa = PBXResourcesBuildPhase;
			buildActionMask = 2147483647;
			files = (
				08242B9B1D1A3443009700B2 /* LaunchScreen.storyboard in Resources */,
				08242B981D1A3443009700B2 /* Assets.xcassets in Resources */,
				08242B961D1A3442009700B2 /* Main.storyboard in Resources */,
			);
			runOnlyForDeploymentPostprocessing = 0;
		};
		08242B9F1D1A3443009700B2 /* Resources */ = {
			isa = PBXResourcesBuildPhase;
			buildActionMask = 2147483647;
			files = (
			);
			runOnlyForDeploymentPostprocessing = 0;
		};
/* End PBXResourcesBuildPhase section */

/* Begin PBXSourcesBuildPhase section */
		08242B841D1A3442009700B2 /* Sources */ = {
			isa = PBXSourcesBuildPhase;
			buildActionMask = 2147483647;
			files = (
				08242B931D1A3442009700B2 /* ViewController.m in Sources */,
				08242BB21D1A34AE009700B2 /* DataStructures.m in Sources */,
				08242B901D1A3442009700B2 /* AppDelegate.m in Sources */,
				08242B8D1D1A3442009700B2 /* main.m in Sources */,
			);
			runOnlyForDeploymentPostprocessing = 0;
		};
		08242B9D1D1A3443009700B2 /* Sources */ = {
			isa = PBXSourcesBuildPhase;
			buildActionMask = 2147483647;
			files = (
				08242BA61D1A3443009700B2 /* XcodeExcerciseTests.m in Sources */,
			);
			runOnlyForDeploymentPostprocessing = 0;
		};
/* End PBXSourcesBuildPhase section */

/* Begin PBXTargetDependency section */
		08242BA31D1A3443009700B2 /* PBXTargetDependency */ = {
			isa = PBXTargetDependency;
			target = 08242B871D1A3442009700B2 /* XcodeExcercise */;
			targetProxy = 08242BA21D1A3443009700B2 /* PBXContainerItemProxy */;
		};
/* End PBXTargetDependency section */

/* Begin PBXVariantGroup section */
		08242B941D1A3442009700B2 /* Main.storyboard */ = {
			isa = PBXVariantGroup;
			children = (
				08242B951D1A3442009700B2 /* Base */,
			);
			name = Main.storyboard;
			sourceTree = "<group>";
		};
		08242B991D1A3443009700B2 /* LaunchScreen.storyboard */ = {
			isa = PBXVariantGroup;
			children = (
				08242B9A1D1A3443009700B2 /* Base */,
			);
			name = LaunchScreen.storyboard;
			sourceTree = "<group>";
		};
/* End PBXVariantGroup section */

/* Begin XCBuildConfiguration section */
		08242BA81D1A3443009700B2 /* Debug */ = {
			isa = XCBuildConfiguration;
			buildSettings = {
				ALWAYS_SEARCH_USER_PATHS = NO;
				CLANG_ANALYZER_NONNULL = YES;
				CLANG_CXX_LANGUAGE_STANDARD = "gnu++0x";
				CLANG_CXX_LIBRARY = "libc++";
				CLANG_ENABLE_MODULES = YES;
				CLANG_ENABLE_OBJC_ARC = YES;
				CLANG_WARN_BOOL_CONVERSION = YES;
				CLANG_WARN_CONSTANT_CONVERSION = YES;
				CLANG_WARN_DIRECT_OBJC_ISA_USAGE = YES_ERROR;
				CLANG_WARN_EMPTY_BODY = YES;
				CLANG_WARN_ENUM_CONVERSION = YES;
				CLANG_WARN_INT_CONVERSION = YES;
				CLANG_WARN_OBJC_ROOT_CLASS = YES_ERROR;
				CLANG_WARN_UNREACHABLE_CODE = YES;
				CLANG_WARN__DUPLICATE_METHOD_MATCH = YES;
				"CODE_SIGN_IDENTITY[sdk=iphoneos*]" = "iPhone Developer";
				COPY_PHASE_STRIP = NO;
				DEBUG_INFORMATION_FORMAT = dwarf;
				ENABLE_STRICT_OBJC_MSGSEND = YES;
				ENABLE_TESTABILITY = YES;
				GCC_C_LANGUAGE_STANDARD = gnu99;
				GCC_DYNAMIC_NO_PIC = NO;
				GCC_NO_COMMON_BLOCKS = YES;
				GCC_OPTIMIZATION_LEVEL = 0;
				GCC_PREPROCESSOR_DEFINITIONS = (
					"DEBUG=1",
					"$(inherited)",
				);
				GCC_WARN_64_TO_32_BIT_CONVERSION = YES;
				GCC_WARN_ABOUT_RETURN_TYPE = YES_ERROR;
				GCC_WARN_UNDECLARED_SELECTOR = YES;
				GCC_WARN_UNINITIALIZED_AUTOS = YES_AGGRESSIVE;
				GCC_WARN_UNUSED_FUNCTION = YES;
				GCC_WARN_UNUSED_VARIABLE = YES;
				IPHONEOS_DEPLOYMENT_TARGET = 9.3;
				MTL_ENABLE_DEBUG_INFO = YES;
				ONLY_ACTIVE_ARCH = YES;
				SDKROOT = iphoneos;
				TARGETED_DEVICE_FAMILY = "1,2";
			};
			name = Debug;
		};
		08242BA91D1A3443009700B2 /* Release */ = {
			isa = XCBuildConfiguration;
			buildSettings = {
				ALWAYS_SEARCH_USER_PATHS = NO;
				CLANG_ANALYZER_NONNULL = YES;
				CLANG_CXX_LANGUAGE_STANDARD = "gnu++0x";
				CLANG_CXX_LIBRARY = "libc++";
				CLANG_ENABLE_MODULES = YES;
				CLANG_ENABLE_OBJC_ARC = YES;
				CLANG_WARN_BOOL_CONVERSION = YES;
				CLANG_WARN_CONSTANT_CONVERSION = YES;
				CLANG_WARN_DIRECT_OBJC_ISA_USAGE = YES_ERROR;
				CLANG_WARN_EMPTY_BODY = YES;
				CLANG_WARN_ENUM_CONVERSION = YES;
				CLANG_WARN_INT_CONVERSION = YES;
				CLANG_WARN_OBJC_ROOT_CLASS = YES_ERROR;
				CLANG_WARN_UNREACHABLE_CODE = YES;
				CLANG_WARN__DUPLICATE_METHOD_MATCH = YES;
				"CODE_SIGN_IDENTITY[sdk=iphoneos*]" = "iPhone Developer";
				COPY_PHASE_STRIP = NO;
				DEBUG_INFORMATION_FORMAT = "dwarf-with-dsym";
				ENABLE_NS_ASSERTIONS = NO;
				ENABLE_STRICT_OBJC_MSGSEND = YES;
				GCC_C_LANGUAGE_STANDARD = gnu99;
				GCC_NO_COMMON_BLOCKS = YES;
				GCC_WARN_64_TO_32_BIT_CONVERSION = YES;
				GCC_WARN_ABOUT_RETURN_TYPE = YES_ERROR;
				GCC_WARN_UNDECLARED_SELECTOR = YES;
				GCC_WARN_UNINITIALIZED_AUTOS = YES_AGGRESSIVE;
				GCC_WARN_UNUSED_FUNCTION = YES;
				GCC_WARN_UNUSED_VARIABLE = YES;
				IPHONEOS_DEPLOYMENT_TARGET = 9.3;
				MTL_ENABLE_DEBUG_INFO = NO;
				SDKROOT = iphoneos;
				TARGETED_DEVICE_FAMILY = "1,2";
				VALIDATE_PRODUCT = YES;
			};
			name = Release;
		};
		08242BAB1D1A3443009700B2 /* Debug */ = {
			isa = XCBuildConfiguration;
			buildSettings = {
				ASSETCATALOG_COMPILER_APPICON_NAME = AppIcon;
				INFOPLIST_FILE = XcodeExcercise/Info.plist;
				LD_RUNPATH_SEARCH_PATHS = "$(inherited) @executable_path/Frameworks";
				PRODUCT_BUNDLE_IDENTIFIER = com.harveynash.vn.XcodeExcercise;
				PRODUCT_NAME = "$(TARGET_NAME)";
			};
			name = Debug;
		};
		08242BAC1D1A3443009700B2 /* Release */ = {
			isa = XCBuildConfiguration;
			buildSettings = {
				ASSETCATALOG_COMPILER_APPICON_NAME = AppIcon;
				INFOPLIST_FILE = XcodeExcercise/Info.plist;
				LD_RUNPATH_SEARCH_PATHS = "$(inherited) @executable_path/Frameworks";
				PRODUCT_BUNDLE_IDENTIFIER = com.harveynash.vn.XcodeExcercise;
				PRODUCT_NAME = "$(TARGET_NAME)";
			};
			name = Release;
		};
		08242BAE1D1A3443009700B2 /* Debug */ = {
			isa = XCBuildConfiguration;
			buildSettings = {
				BUNDLE_LOADER = "$(TEST_HOST)";
				INFOPLIST_FILE = XcodeExcerciseTests/Info.plist;
				LD_RUNPATH_SEARCH_PATHS = "$(inherited) @executable_path/Frameworks @loader_path/Frameworks";
				PRODUCT_BUNDLE_IDENTIFIER = com.harveynash.vn.XcodeExcerciseTests;
				PRODUCT_NAME = "$(TARGET_NAME)";
				TEST_HOST = "$(BUILT_PRODUCTS_DIR)/XcodeExcercise.app/XcodeExcercise";
			};
			name = Debug;
		};
		08242BAF1D1A3443009700B2 /* Release */ = {
			isa = XCBuildConfiguration;
			buildSettings = {
				BUNDLE_LOADER = "$(TEST_HOST)";
				INFOPLIST_FILE = XcodeExcerciseTests/Info.plist;
				LD_RUNPATH_SEARCH_PATHS = "$(inherited) @executable_path/Frameworks @loader_path/Frameworks";
				PRODUCT_BUNDLE_IDENTIFIER = com.harveynash.vn.XcodeExcerciseTests;
				PRODUCT_NAME = "$(TARGET_NAME)";
				TEST_HOST = "$(BUILT_PRODUCTS_DIR)/XcodeExcercise.app/XcodeExcercise";
			};
			name = Release;
		};
/* End XCBuildConfiguration section */

/* Begin XCConfigurationList section */
		08242B831D1A3442009700B2 /* Build configuration list for PBXProject "XcodeExcercise" */ = {
			isa = XCConfigurationList;
			buildConfigurations = (
				08242BA81D1A3443009700B2 /* Debug */,
				08242BA91D1A3443009700B2 /* Release */,
			);
			defaultConfigurationIsVisible = 0;
			defaultConfigurationName = Release;
		};
		08242BAA1D1A3443009700B2 /* Build configuration list for PBXNativeTarget "XcodeExcercise" */ = {
			isa = XCConfigurationList;
			buildConfigurations = (
				08242BAB1D1A3443009700B2 /* Debug */,
				08242BAC1D1A3443009700B2 /* Release */,
			);
			defaultConfigurationIsVisible = 0;
		};
		08242BAD1D1A3443009700B2 /* Build configuration list for PBXNativeTarget "XcodeExcerciseTests" */ = {
			isa = XCConfigurationList;
			buildConfigurations = (
				08242BAE1D1A3443009700B2 /* Debug */,
				08242BAF1D1A3443009700B2 /* Release */,
			);
			defaultConfigurationIsVisible = 0;
		};
/* End XCConfigurationList section */
	};
	rootObject = 08242B801D1A3442009700B2 /* Project object */;
}
